
Microsoft Visual Studio Solution File, Format Version 12.00
# Visual Studio 2012
Project("{FAE04EC0-301F-11D3-BF4B-00C04F79EFBC}") = "GenogramGenerator.Tests", "GenogramGenerator.Tests\GenogramGenerator.Tests.csproj", "{A2595E60-9687-4046-9794-E6234113666B}"
EndProject
Project("{FAE04EC0-301F-11D3-BF4B-00C04F79EFBC}") = "GenogramGenerator.Core", "GenogramGenerator.Core\GenogramGenerator.Core.csproj", "{D9674A0D-6F85-49BE-B164-6D3BF02FD3F3}"
EndProject
Project("{FAE04EC0-301F-11D3-BF4B-00C04F79EFBC}") = "GenogramGenerator.Console", "GenogramGenerator.Console\GenogramGenerator.Console.csproj", "{6984BC0F-CE11-4561-9E09-E167F170E323}"
EndProject
Global
	GlobalSection(SolutionConfigurationPlatforms) = preSolution
		Debug|Any CPU = Debug|Any CPU
		Release|Any CPU = Release|Any CPU
	EndGlobalSection
	GlobalSection(ProjectConfigurationPlatforms) = postSolution
		{A2595E60-9687-4046-9794-E6234113666B}.Debug|Any CPU.ActiveCfg = Debug|Any CPU
		{A2595E60-9687-4046-9794-E6234113666B}.Debug|Any CPU.Build.0 = Debug|Any CPU
		{A2595E60-9687-4046-9794-E6234113666B}.Release|Any CPU.ActiveCfg = Release|Any CPU
		{A2595E60-9687-4046-9794-E6234113666B}.Release|Any CPU.Build.0 = Release|Any CPU
		{D9674A0D-6F85-49BE-B164-6D3BF02FD3F3}.Debug|Any CPU.ActiveCfg = Debug|Any CPU
		{D9674A0D-6F85-49BE-B164-6D3BF02FD3F3}.Debug|Any CPU.Build.0 = Debug|Any CPU
		{D9674A0D-6F85-49BE-B164-6D3BF02FD3F3}.Release|Any CPU.ActiveCfg = Release|Any CPU
		{D9674A0D-6F85-49BE-B164-6D3BF02FD3F3}.Release|Any CPU.Build.0 = Release|Any CPU
		{6984BC0F-CE11-4561-9E09-E167F170E323}.Debug|Any CPU.ActiveCfg = Debug|Any CPU
		{6984BC0F-CE11-4561-9E09-E167F170E323}.Debug|Any CPU.Build.0 = Debug|Any CPU
		{6984BC0F-CE11-4561-9E09-E167F170E323}.Release|Any CPU.ActiveCfg = Release|Any CPU
		{6984BC0F-CE11-4561-9E09-E167F170E323}.Release|Any CPU.Build.0 = Release|Any CPU
	EndGlobalSection
	GlobalSection(SolutionProperties) = preSolution
		HideSolutionNode = FALSE
	EndGlobalSection
EndGlobal
